{
  "name": "wonderjs_example_simple",
  "version": "1.0.0",
  "lockfileVersion": 1,
  "requires": true,
  "dependencies": {
    "@wonderworkshop/wwjs": {
      "version": "0.1.1",
      "resolved": "https://registry.npmjs.org/@wonderworkshop/wwjs/-/wwjs-0.1.1.tgz",
      "integrity": "sha512-j/Lz28/rW6bWawuQfBwPcRg0DXqU4TYYkrSLa/YUJVzk/z9J7cCmMEEdEMNOgvTCTd3cIIJhj3IuRd6CQBg/jA=="
    }
  }
}
